
Microsoft Visual Studio Solution File, Format Version 12.00
# Visual Studio 2012
Project("{FAE04EC0-301F-11D3-BF4B-00C04F79EFBC}") = "DataTypesAndVariables", "DataTypesAndVariables\DataTypesAndVariables.csproj", "{CE5629BD-38AA-454E-A7AB-44D568555847}"
EndProject
Global
	GlobalSection(SolutionConfigurationPlatforms) = preSolution
		Debug|Any CPU = Debug|Any CPU
		Release|Any CPU = Release|Any CPU
	EndGlobalSection
	GlobalSection(ProjectConfigurationPlatforms) = postSolution
		{CE5629BD-38AA-454E-A7AB-44D568555847}.Debug|Any CPU.ActiveCfg = Debug|Any CPU
		{CE5629BD-38AA-454E-A7AB-44D568555847}.Debug|Any CPU.Build.0 = Debug|Any CPU
		{CE5629BD-38AA-454E-A7AB-44D568555847}.Release|Any CPU.ActiveCfg = Release|Any CPU
		{CE5629BD-38AA-454E-A7AB-44D568555847}.Release|Any CPU.Build.0 = Release|Any CPU
	EndGlobalSection
	GlobalSection(SolutionProperties) = preSolution
		HideSolutionNode = FALSE
	EndGlobalSection
EndGlobal
