
Microsoft Visual Studio Solution File, Format Version 12.00
# Visual Studio 2012
Project("{FAE04EC0-301F-11D3-BF4B-00C04F79EFBC}") = "02.CheckDivisionBy7And5", "CheckDivisionBy7And5\02.CheckDivisionBy7And5.csproj", "{B83DEE3A-D4F9-464A-977E-9D3A49B7B65E}"
EndProject
Project("{FAE04EC0-301F-11D3-BF4B-00C04F79EFBC}") = "03.AreaOfRectangle", "AreaOfRectangle\03.AreaOfRectangle.csproj", "{26BAB392-61E4-461A-ACE7-40ED60D9471A}"
EndProject
Project("{FAE04EC0-301F-11D3-BF4B-00C04F79EFBC}") = "04.CheckThirdDigit", "CheckThirdDigit\04.CheckThirdDigit.csproj", "{17CBFFDA-ADE8-400F-8E3D-746510A7CCE7}"
EndProject
Project("{FAE04EC0-301F-11D3-BF4B-00C04F79EFBC}") = "05.CheckThirdBit", "CheckThirdBit\05.CheckThirdBit.csproj", "{C994C1EC-89B7-44B3-A7E0-363C0B88031E}"
EndProject
Project("{FAE04EC0-301F-11D3-BF4B-00C04F79EFBC}") = "06.CheckPointInCircle", "CheckPointInCircle\06.CheckPointInCircle.csproj", "{DE0C4551-B52D-4BDE-A0E7-E58D70E7B597}"
EndProject
Project("{FAE04EC0-301F-11D3-BF4B-00C04F79EFBC}") = "07.CheckPrimeNumber", "CheckPrimeNumber\07.CheckPrimeNumber.csproj", "{846DC6E3-BBB1-4971-88EF-7E21D142A404}"
EndProject
Project("{FAE04EC0-301F-11D3-BF4B-00C04F79EFBC}") = "08.TrapezoidArea", "TrapezoidArea\08.TrapezoidArea.csproj", "{B61E44C9-243B-4E2B-9C7C-287A325B9AFE}"
EndProject
Project("{FAE04EC0-301F-11D3-BF4B-00C04F79EFBC}") = "10.CheckIfBitIs1", "CheckIfBitIs1\10.CheckIfBitIs1.csproj", "{DC671627-C8E4-4B17-9C73-657A9DCC3947}"
EndProject
Project("{FAE04EC0-301F-11D3-BF4B-00C04F79EFBC}") = "11.ExtractBitFromInt", "ExtractBitFromInt\11.ExtractBitFromInt.csproj", "{0C1A1A46-D142-40FD-A305-1A7738D53744}"
EndProject
Project("{FAE04EC0-301F-11D3-BF4B-00C04F79EFBC}") = "12.ChangeValueInIntBitwise", "ChangeValueInIntBitwise\12.ChangeValueInIntBitwise.csproj", "{55AC365A-848E-407E-AFDF-DFE3952F191A}"
EndProject
Project("{FAE04EC0-301F-11D3-BF4B-00C04F79EFBC}") = "01.OddOrEven", "01.OddOrEven\01.OddOrEven.csproj", "{68AA370E-F803-4D96-9C8D-A19296EEDD4B}"
EndProject
Project("{FAE04EC0-301F-11D3-BF4B-00C04F79EFBC}") = "09.PointInCircleOutOfRect", "09.PointInCircleOutOfRect\09.PointInCircleOutOfRect.csproj", "{1FF9B683-DCCA-47BE-A27E-25D95F0CA96F}"
EndProject
Project("{FAE04EC0-301F-11D3-BF4B-00C04F79EFBC}") = "13.ExchangeGivenBits", "13.ExchangeGivenBits\13.ExchangeGivenBits.csproj", "{B0614400-3BC5-45E1-9498-35E1B9DC5A28}"
EndProject
Project("{FAE04EC0-301F-11D3-BF4B-00C04F79EFBC}") = "14.ExchangeBits", "14.ExchangeBits\14.ExchangeBits.csproj", "{8F686A4E-3818-44E2-B9F5-39AF2D87D081}"
EndProject
Global
	GlobalSection(SolutionConfigurationPlatforms) = preSolution
		Debug|Any CPU = Debug|Any CPU
		Release|Any CPU = Release|Any CPU
	EndGlobalSection
	GlobalSection(ProjectConfigurationPlatforms) = postSolution
		{B83DEE3A-D4F9-464A-977E-9D3A49B7B65E}.Debug|Any CPU.ActiveCfg = Debug|Any CPU
		{B83DEE3A-D4F9-464A-977E-9D3A49B7B65E}.Debug|Any CPU.Build.0 = Debug|Any CPU
		{B83DEE3A-D4F9-464A-977E-9D3A49B7B65E}.Release|Any CPU.ActiveCfg = Release|Any CPU
		{B83DEE3A-D4F9-464A-977E-9D3A49B7B65E}.Release|Any CPU.Build.0 = Release|Any CPU
		{26BAB392-61E4-461A-ACE7-40ED60D9471A}.Debug|Any CPU.ActiveCfg = Debug|Any CPU
		{26BAB392-61E4-461A-ACE7-40ED60D9471A}.Debug|Any CPU.Build.0 = Debug|Any CPU
		{26BAB392-61E4-461A-ACE7-40ED60D9471A}.Release|Any CPU.ActiveCfg = Release|Any CPU
		{26BAB392-61E4-461A-ACE7-40ED60D9471A}.Release|Any CPU.Build.0 = Release|Any CPU
		{17CBFFDA-ADE8-400F-8E3D-746510A7CCE7}.Debug|Any CPU.ActiveCfg = Debug|Any CPU
		{17CBFFDA-ADE8-400F-8E3D-746510A7CCE7}.Debug|Any CPU.Build.0 = Debug|Any CPU
		{17CBFFDA-ADE8-400F-8E3D-746510A7CCE7}.Release|Any CPU.ActiveCfg = Release|Any CPU
		{17CBFFDA-ADE8-400F-8E3D-746510A7CCE7}.Release|Any CPU.Build.0 = Release|Any CPU
		{C994C1EC-89B7-44B3-A7E0-363C0B88031E}.Debug|Any CPU.ActiveCfg = Debug|Any CPU
		{C994C1EC-89B7-44B3-A7E0-363C0B88031E}.Debug|Any CPU.Build.0 = Debug|Any CPU
		{C994C1EC-89B7-44B3-A7E0-363C0B88031E}.Release|Any CPU.ActiveCfg = Release|Any CPU
		{C994C1EC-89B7-44B3-A7E0-363C0B88031E}.Release|Any CPU.Build.0 = Release|Any CPU
		{DE0C4551-B52D-4BDE-A0E7-E58D70E7B597}.Debug|Any CPU.ActiveCfg = Debug|Any CPU
		{DE0C4551-B52D-4BDE-A0E7-E58D70E7B597}.Debug|Any CPU.Build.0 = Debug|Any CPU
		{DE0C4551-B52D-4BDE-A0E7-E58D70E7B597}.Release|Any CPU.ActiveCfg = Release|Any CPU
		{DE0C4551-B52D-4BDE-A0E7-E58D70E7B597}.Release|Any CPU.Build.0 = Release|Any CPU
		{846DC6E3-BBB1-4971-88EF-7E21D142A404}.Debug|Any CPU.ActiveCfg = Debug|Any CPU
		{846DC6E3-BBB1-4971-88EF-7E21D142A404}.Debug|Any CPU.Build.0 = Debug|Any CPU
		{846DC6E3-BBB1-4971-88EF-7E21D142A404}.Release|Any CPU.ActiveCfg = Release|Any CPU
		{846DC6E3-BBB1-4971-88EF-7E21D142A404}.Release|Any CPU.Build.0 = Release|Any CPU
		{B61E44C9-243B-4E2B-9C7C-287A325B9AFE}.Debug|Any CPU.ActiveCfg = Debug|Any CPU
		{B61E44C9-243B-4E2B-9C7C-287A325B9AFE}.Debug|Any CPU.Build.0 = Debug|Any CPU
		{B61E44C9-243B-4E2B-9C7C-287A325B9AFE}.Release|Any CPU.ActiveCfg = Release|Any CPU
		{B61E44C9-243B-4E2B-9C7C-287A325B9AFE}.Release|Any CPU.Build.0 = Release|Any CPU
		{DC671627-C8E4-4B17-9C73-657A9DCC3947}.Debug|Any CPU.ActiveCfg = Debug|Any CPU
		{DC671627-C8E4-4B17-9C73-657A9DCC3947}.Debug|Any CPU.Build.0 = Debug|Any CPU
		{DC671627-C8E4-4B17-9C73-657A9DCC3947}.Release|Any CPU.ActiveCfg = Release|Any CPU
		{DC671627-C8E4-4B17-9C73-657A9DCC3947}.Release|Any CPU.Build.0 = Release|Any CPU
		{0C1A1A46-D142-40FD-A305-1A7738D53744}.Debug|Any CPU.ActiveCfg = Debug|Any CPU
		{0C1A1A46-D142-40FD-A305-1A7738D53744}.Debug|Any CPU.Build.0 = Debug|Any CPU
		{0C1A1A46-D142-40FD-A305-1A7738D53744}.Release|Any CPU.ActiveCfg = Release|Any CPU
		{0C1A1A46-D142-40FD-A305-1A7738D53744}.Release|Any CPU.Build.0 = Release|Any CPU
		{55AC365A-848E-407E-AFDF-DFE3952F191A}.Debug|Any CPU.ActiveCfg = Debug|Any CPU
		{55AC365A-848E-407E-AFDF-DFE3952F191A}.Debug|Any CPU.Build.0 = Debug|Any CPU
		{55AC365A-848E-407E-AFDF-DFE3952F191A}.Release|Any CPU.ActiveCfg = Release|Any CPU
		{55AC365A-848E-407E-AFDF-DFE3952F191A}.Release|Any CPU.Build.0 = Release|Any CPU
		{68AA370E-F803-4D96-9C8D-A19296EEDD4B}.Debug|Any CPU.ActiveCfg = Debug|Any CPU
		{68AA370E-F803-4D96-9C8D-A19296EEDD4B}.Debug|Any CPU.Build.0 = Debug|Any CPU
		{68AA370E-F803-4D96-9C8D-A19296EEDD4B}.Release|Any CPU.ActiveCfg = Release|Any CPU
		{68AA370E-F803-4D96-9C8D-A19296EEDD4B}.Release|Any CPU.Build.0 = Release|Any CPU
		{1FF9B683-DCCA-47BE-A27E-25D95F0CA96F}.Debug|Any CPU.ActiveCfg = Debug|Any CPU
		{1FF9B683-DCCA-47BE-A27E-25D95F0CA96F}.Debug|Any CPU.Build.0 = Debug|Any CPU
		{1FF9B683-DCCA-47BE-A27E-25D95F0CA96F}.Release|Any CPU.ActiveCfg = Release|Any CPU
		{1FF9B683-DCCA-47BE-A27E-25D95F0CA96F}.Release|Any CPU.Build.0 = Release|Any CPU
		{B0614400-3BC5-45E1-9498-35E1B9DC5A28}.Debug|Any CPU.ActiveCfg = Debug|Any CPU
		{B0614400-3BC5-45E1-9498-35E1B9DC5A28}.Debug|Any CPU.Build.0 = Debug|Any CPU
		{B0614400-3BC5-45E1-9498-35E1B9DC5A28}.Release|Any CPU.ActiveCfg = Release|Any CPU
		{B0614400-3BC5-45E1-9498-35E1B9DC5A28}.Release|Any CPU.Build.0 = Release|Any CPU
		{8F686A4E-3818-44E2-B9F5-39AF2D87D081}.Debug|Any CPU.ActiveCfg = Debug|Any CPU
		{8F686A4E-3818-44E2-B9F5-39AF2D87D081}.Debug|Any CPU.Build.0 = Debug|Any CPU
		{8F686A4E-3818-44E2-B9F5-39AF2D87D081}.Release|Any CPU.ActiveCfg = Release|Any CPU
		{8F686A4E-3818-44E2-B9F5-39AF2D87D081}.Release|Any CPU.Build.0 = Release|Any CPU
	EndGlobalSection
	GlobalSection(SolutionProperties) = preSolution
		HideSolutionNode = FALSE
	EndGlobalSection
EndGlobal
