
Microsoft Visual Studio Solution File, Format Version 12.00
# Visual Studio 2012
Project("{FAE04EC0-301F-11D3-BF4B-00C04F79EFBC}") = "School", "School\School.csproj", "{1A8E3741-0D96-4472-A7C2-37DBAD5458DB}"
EndProject
Project("{FAE04EC0-301F-11D3-BF4B-00C04F79EFBC}") = "Humans", "Humans\Humans.csproj", "{3AE3815E-096B-4C12-B578-5A9B5C2DCF59}"
EndProject
Project("{FAE04EC0-301F-11D3-BF4B-00C04F79EFBC}") = "Animals", "Animals\Animals.csproj", "{943289AC-D179-4C67-B565-639BB1862D3E}"
EndProject
Global
	GlobalSection(SolutionConfigurationPlatforms) = preSolution
		Debug|Any CPU = Debug|Any CPU
		Release|Any CPU = Release|Any CPU
	EndGlobalSection
	GlobalSection(ProjectConfigurationPlatforms) = postSolution
		{1A8E3741-0D96-4472-A7C2-37DBAD5458DB}.Debug|Any CPU.ActiveCfg = Debug|Any CPU
		{1A8E3741-0D96-4472-A7C2-37DBAD5458DB}.Debug|Any CPU.Build.0 = Debug|Any CPU
		{1A8E3741-0D96-4472-A7C2-37DBAD5458DB}.Release|Any CPU.ActiveCfg = Release|Any CPU
		{1A8E3741-0D96-4472-A7C2-37DBAD5458DB}.Release|Any CPU.Build.0 = Release|Any CPU
		{3AE3815E-096B-4C12-B578-5A9B5C2DCF59}.Debug|Any CPU.ActiveCfg = Debug|Any CPU
		{3AE3815E-096B-4C12-B578-5A9B5C2DCF59}.Debug|Any CPU.Build.0 = Debug|Any CPU
		{3AE3815E-096B-4C12-B578-5A9B5C2DCF59}.Release|Any CPU.ActiveCfg = Release|Any CPU
		{3AE3815E-096B-4C12-B578-5A9B5C2DCF59}.Release|Any CPU.Build.0 = Release|Any CPU
		{943289AC-D179-4C67-B565-639BB1862D3E}.Debug|Any CPU.ActiveCfg = Debug|Any CPU
		{943289AC-D179-4C67-B565-639BB1862D3E}.Debug|Any CPU.Build.0 = Debug|Any CPU
		{943289AC-D179-4C67-B565-639BB1862D3E}.Release|Any CPU.ActiveCfg = Release|Any CPU
		{943289AC-D179-4C67-B565-639BB1862D3E}.Release|Any CPU.Build.0 = Release|Any CPU
	EndGlobalSection
	GlobalSection(SolutionProperties) = preSolution
		HideSolutionNode = FALSE
	EndGlobalSection
EndGlobal
