// !$*UTF8*$!
{
	archiveVersion = 1;
	classes = {
	};
	objectVersion = 46;
	objects = {

/* Begin PBXBuildFile section */
		2495AD0719F69EA800FC3E6B /* main.m in Sources */ = {isa = PBXBuildFile; fileRef = 2495AD0619F69EA800FC3E6B /* main.m */; };
		2495AD1519F69ED900FC3E6B /* Todo.m in Sources */ = {isa = PBXBuildFile; fileRef = 2495AD1419F69ED900FC3E6B /* Todo.m */; };
		2495AD1819F6A01200FC3E6B /* TodoList.m in Sources */ = {isa = PBXBuildFile; fileRef = 2495AD1719F6A01200FC3E6B /* TodoList.m */; };
/* End PBXBuildFile section */

/* Begin PBXCopyFilesBuildPhase section */
		2495AD0119F69EA800FC3E6B /* CopyFiles */ = {
			isa = PBXCopyFilesBuildPhase;
			buildActionMask = 2147483647;
			dstPath = /usr/share/man/man1/;
			dstSubfolderSpec = 0;
			files = (
			);
			runOnlyForDeploymentPostprocessing = 1;
		};
/* End PBXCopyFilesBuildPhase section */

/* Begin PBXFileReference section */
		2495AD0319F69EA800FC3E6B /* Todos */ = {isa = PBXFileReference; explicitFileType = "compiled.mach-o.executable"; includeInIndex = 0; path = Todos; sourceTree = BUILT_PRODUCTS_DIR; };
		2495AD0619F69EA800FC3E6B /* main.m */ = {isa = PBXFileReference; lastKnownFileType = sourcecode.c.objc; path = main.m; sourceTree = "<group>"; };
		2495AD1319F69ED900FC3E6B /* Todo.h */ = {isa = PBXFileReference; fileEncoding = 4; lastKnownFileType = sourcecode.c.h; path = Todo.h; sourceTree = "<group>"; };
		2495AD1419F69ED900FC3E6B /* Todo.m */ = {isa = PBXFileReference; fileEncoding = 4; lastKnownFileType = sourcecode.c.objc; path = Todo.m; sourceTree = "<group>"; };
		2495AD1619F6A01200FC3E6B /* TodoList.h */ = {isa = PBXFileReference; fileEncoding = 4; lastKnownFileType = sourcecode.c.h; path = TodoList.h; sourceTree = "<group>"; };
		2495AD1719F6A01200FC3E6B /* TodoList.m */ = {isa = PBXFileReference; fileEncoding = 4; lastKnownFileType = sourcecode.c.objc; path = TodoList.m; sourceTree = "<group>"; };
/* End PBXFileReference section */

/* Begin PBXFrameworksBuildPhase section */
		2495AD0019F69EA800FC3E6B /* Frameworks */ = {
			isa = PBXFrameworksBuildPhase;
			buildActionMask = 2147483647;
			files = (
			);
			runOnlyForDeploymentPostprocessing = 0;
		};
/* End PBXFrameworksBuildPhase section */

/* Begin PBXGroup section */
		2495ACFA19F69EA800FC3E6B = {
			isa = PBXGroup;
			children = (
				2495AD0519F69EA800FC3E6B /* Todos */,
				2495AD0419F69EA800FC3E6B /* Products */,
			);
			sourceTree = "<group>";
		};
		2495AD0419F69EA800FC3E6B /* Products */ = {
			isa = PBXGroup;
			children = (
				2495AD0319F69EA800FC3E6B /* Todos */,
			);
			name = Products;
			sourceTree = "<group>";
		};
		2495AD0519F69EA800FC3E6B /* Todos */ = {
			isa = PBXGroup;
			children = (
				2495AD0619F69EA800FC3E6B /* main.m */,
				2495AD1319F69ED900FC3E6B /* Todo.h */,
				2495AD1419F69ED900FC3E6B /* Todo.m */,
				2495AD1619F6A01200FC3E6B /* TodoList.h */,
				2495AD1719F6A01200FC3E6B /* TodoList.m */,
			);
			path = Todos;
			sourceTree = "<group>";
		};
/* End PBXGroup section */

/* Begin PBXNativeTarget section */
		2495AD0219F69EA800FC3E6B /* Todos */ = {
			isa = PBXNativeTarget;
			buildConfigurationList = 2495AD0A19F69EA800FC3E6B /* Build configuration list for PBXNativeTarget "Todos" */;
			buildPhases = (
				2495ACFF19F69EA800FC3E6B /* Sources */,
				2495AD0019F69EA800FC3E6B /* Frameworks */,
				2495AD0119F69EA800FC3E6B /* CopyFiles */,
			);
			buildRules = (
			);
			dependencies = (
			);
			name = Todos;
			productName = Todos;
			productReference = 2495AD0319F69EA800FC3E6B /* Todos */;
			productType = "com.apple.product-type.tool";
		};
/* End PBXNativeTarget section */

/* Begin PBXProject section */
		2495ACFB19F69EA800FC3E6B /* Project object */ = {
			isa = PBXProject;
			attributes = {
				LastUpgradeCheck = 0600;
				TargetAttributes = {
					2495AD0219F69EA800FC3E6B = {
						CreatedOnToolsVersion = 6.0.1;
					};
				};
			};
			buildConfigurationList = 2495ACFE19F69EA800FC3E6B /* Build configuration list for PBXProject "Todos" */;
			compatibilityVersion = "Xcode 3.2";
			developmentRegion = English;
			hasScannedForEncodings = 0;
			knownRegions = (
				en,
			);
			mainGroup = 2495ACFA19F69EA800FC3E6B;
			productRefGroup = 2495AD0419F69EA800FC3E6B /* Products */;
			projectDirPath = "";
			projectRoot = "";
			targets = (
				2495AD0219F69EA800FC3E6B /* Todos */,
			);
		};
/* End PBXProject section */

/* Begin PBXSourcesBuildPhase section */
		2495ACFF19F69EA800FC3E6B /* Sources */ = {
			isa = PBXSourcesBuildPhase;
			buildActionMask = 2147483647;
			files = (
				2495AD0719F69EA800FC3E6B /* main.m in Sources */,
				2495AD1819F6A01200FC3E6B /* TodoList.m in Sources */,
				2495AD1519F69ED900FC3E6B /* Todo.m in Sources */,
			);
			runOnlyForDeploymentPostprocessing = 0;
		};
/* End PBXSourcesBuildPhase section */

/* Begin XCBuildConfiguration section */
		2495AD0819F69EA800FC3E6B /* Debug */ = {
			isa = XCBuildConfiguration;
			buildSettings = {
				ALWAYS_SEARCH_USER_PATHS = NO;
				CLANG_CXX_LANGUAGE_STANDARD = "gnu++0x";
				CLANG_CXX_LIBRARY = "libc++";
				CLANG_ENABLE_MODULES = YES;
				CLANG_ENABLE_OBJC_ARC = YES;
				CLANG_WARN_BOOL_CONVERSION = YES;
				CLANG_WARN_CONSTANT_CONVERSION = YES;
				CLANG_WARN_DIRECT_OBJC_ISA_USAGE = YES_ERROR;
				CLANG_WARN_EMPTY_BODY = YES;
				CLANG_WARN_ENUM_CONVERSION = YES;
				CLANG_WARN_INT_CONVERSION = YES;
				CLANG_WARN_OBJC_ROOT_CLASS = YES_ERROR;
				CLANG_WARN_UNREACHABLE_CODE = YES;
				CLANG_WARN__DUPLICATE_METHOD_MATCH = YES;
				COPY_PHASE_STRIP = NO;
				ENABLE_STRICT_OBJC_MSGSEND = YES;
				GCC_C_LANGUAGE_STANDARD = gnu99;
				GCC_DYNAMIC_NO_PIC = NO;
				GCC_OPTIMIZATION_LEVEL = 0;
				GCC_PREPROCESSOR_DEFINITIONS = (
					"DEBUG=1",
					"$(inherited)",
				);
				GCC_SYMBOLS_PRIVATE_EXTERN = NO;
				GCC_WARN_64_TO_32_BIT_CONVERSION = YES;
				GCC_WARN_ABOUT_RETURN_TYPE = YES_ERROR;
				GCC_WARN_UNDECLARED_SELECTOR = YES;
				GCC_WARN_UNINITIALIZED_AUTOS = YES_AGGRESSIVE;
				GCC_WARN_UNUSED_FUNCTION = YES;
				GCC_WARN_UNUSED_VARIABLE = YES;
				MACOSX_DEPLOYMENT_TARGET = 10.9;
				MTL_ENABLE_DEBUG_INFO = YES;
				ONLY_ACTIVE_ARCH = YES;
				SDKROOT = macosx;
			};
			name = Debug;
		};
		2495AD0919F69EA800FC3E6B /* Release */ = {
			isa = XCBuildConfiguration;
			buildSettings = {
				ALWAYS_SEARCH_USER_PATHS = NO;
				CLANG_CXX_LANGUAGE_STANDARD = "gnu++0x";
				CLANG_CXX_LIBRARY = "libc++";
				CLANG_ENABLE_MODULES = YES;
				CLANG_ENABLE_OBJC_ARC = YES;
				CLANG_WARN_BOOL_CONVERSION = YES;
				CLANG_WARN_CONSTANT_CONVERSION = YES;
				CLANG_WARN_DIRECT_OBJC_ISA_USAGE = YES_ERROR;
				CLANG_WARN_EMPTY_BODY = YES;
				CLANG_WARN_ENUM_CONVERSION = YES;
				CLANG_WARN_INT_CONVERSION = YES;
				CLANG_WARN_OBJC_ROOT_CLASS = YES_ERROR;
				CLANG_WARN_UNREACHABLE_CODE = YES;
				CLANG_WARN__DUPLICATE_METHOD_MATCH = YES;
				COPY_PHASE_STRIP = YES;
				DEBUG_INFORMATION_FORMAT = "dwarf-with-dsym";
				ENABLE_NS_ASSERTIONS = NO;
				ENABLE_STRICT_OBJC_MSGSEND = YES;
				GCC_C_LANGUAGE_STANDARD = gnu99;
				GCC_WARN_64_TO_32_BIT_CONVERSION = YES;
				GCC_WARN_ABOUT_RETURN_TYPE = YES_ERROR;
				GCC_WARN_UNDECLARED_SELECTOR = YES;
				GCC_WARN_UNINITIALIZED_AUTOS = YES_AGGRESSIVE;
				GCC_WARN_UNUSED_FUNCTION = YES;
				GCC_WARN_UNUSED_VARIABLE = YES;
				MACOSX_DEPLOYMENT_TARGET = 10.9;
				MTL_ENABLE_DEBUG_INFO = NO;
				SDKROOT = macosx;
			};
			name = Release;
		};
		2495AD0B19F69EA800FC3E6B /* Debug */ = {
			isa = XCBuildConfiguration;
			buildSettings = {
				PRODUCT_NAME = "$(TARGET_NAME)";
			};
			name = Debug;
		};
		2495AD0C19F69EA800FC3E6B /* Release */ = {
			isa = XCBuildConfiguration;
			buildSettings = {
				PRODUCT_NAME = "$(TARGET_NAME)";
			};
			name = Release;
		};
/* End XCBuildConfiguration section */

/* Begin XCConfigurationList section */
		2495ACFE19F69EA800FC3E6B /* Build configuration list for PBXProject "Todos" */ = {
			isa = XCConfigurationList;
			buildConfigurations = (
				2495AD0819F69EA800FC3E6B /* Debug */,
				2495AD0919F69EA800FC3E6B /* Release */,
			);
			defaultConfigurationIsVisible = 0;
			defaultConfigurationName = Release;
		};
		2495AD0A19F69EA800FC3E6B /* Build configuration list for PBXNativeTarget "Todos" */ = {
			isa = XCConfigurationList;
			buildConfigurations = (
				2495AD0B19F69EA800FC3E6B /* Debug */,
				2495AD0C19F69EA800FC3E6B /* Release */,
			);
			defaultConfigurationIsVisible = 0;
		};
/* End XCConfigurationList section */
	};
	rootObject = 2495ACFB19F69EA800FC3E6B /* Project object */;
}
