
Microsoft Visual Studio Solution File, Format Version 12.00
# Visual Studio 2012
Project("{FAE04EC0-301F-11D3-BF4B-00C04F79EFBC}") = "CorrectUseOfVarsDataExprConst", "CorrectUseOfVarsDataExprConst\CorrectUseOfVarsDataExprConst.csproj", "{EC4566AD-74B8-46CA-847A-8C523F307490}"
EndProject
Global
	GlobalSection(SolutionConfigurationPlatforms) = preSolution
		Debug|Any CPU = Debug|Any CPU
		Release|Any CPU = Release|Any CPU
	EndGlobalSection
	GlobalSection(ProjectConfigurationPlatforms) = postSolution
		{EC4566AD-74B8-46CA-847A-8C523F307490}.Debug|Any CPU.ActiveCfg = Debug|Any CPU
		{EC4566AD-74B8-46CA-847A-8C523F307490}.Debug|Any CPU.Build.0 = Debug|Any CPU
		{EC4566AD-74B8-46CA-847A-8C523F307490}.Release|Any CPU.ActiveCfg = Release|Any CPU
		{EC4566AD-74B8-46CA-847A-8C523F307490}.Release|Any CPU.Build.0 = Release|Any CPU
	EndGlobalSection
	GlobalSection(SolutionProperties) = preSolution
		HideSolutionNode = FALSE
	EndGlobalSection
EndGlobal
