
Microsoft Visual Studio Solution File, Format Version 12.00
# Visual Studio 2012
Project("{FAE04EC0-301F-11D3-BF4B-00C04F79EFBC}") = "01SubLists", "01SubLists\01SubLists.csproj", "{90E9BACB-AC4B-4E5B-A49A-8548FB3649DF}"
EndProject
Project("{FAE04EC0-301F-11D3-BF4B-00C04F79EFBC}") = "02MusicCategories", "02MusicCategories\02MusicCategories.csproj", "{2B477323-1A50-429F-A31F-25DEC476C40F}"
EndProject
Project("{FAE04EC0-301F-11D3-BF4B-00C04F79EFBC}") = "03TotalManagement", "03TotalManagement\03TotalManagement.csproj", "{EF93347B-B125-4A70-A9EC-7A7390095E23}"
EndProject
Project("{FAE04EC0-301F-11D3-BF4B-00C04F79EFBC}") = "04CSSTutorial", "04CSSTutorial\04CSSTutorial.csproj", "{DD2D5D49-CCFB-4C88-870B-A6526B93C86A}"
EndProject
Project("{FAE04EC0-301F-11D3-BF4B-00C04F79EFBC}") = "05Laptops", "05Laptops\05Laptops.csproj", "{13517D07-D353-4420-B99C-37BA11DA24E9}"
EndProject
Project("{FAE04EC0-301F-11D3-BF4B-00C04F79EFBC}") = "06News", "06News\06News.csproj", "{7D23FF80-90F1-4717-B562-82E66EE6E0B7}"
EndProject
Global
	GlobalSection(SolutionConfigurationPlatforms) = preSolution
		Debug|Any CPU = Debug|Any CPU
		Release|Any CPU = Release|Any CPU
	EndGlobalSection
	GlobalSection(ProjectConfigurationPlatforms) = postSolution
		{90E9BACB-AC4B-4E5B-A49A-8548FB3649DF}.Debug|Any CPU.ActiveCfg = Debug|Any CPU
		{90E9BACB-AC4B-4E5B-A49A-8548FB3649DF}.Debug|Any CPU.Build.0 = Debug|Any CPU
		{90E9BACB-AC4B-4E5B-A49A-8548FB3649DF}.Release|Any CPU.ActiveCfg = Release|Any CPU
		{90E9BACB-AC4B-4E5B-A49A-8548FB3649DF}.Release|Any CPU.Build.0 = Release|Any CPU
		{2B477323-1A50-429F-A31F-25DEC476C40F}.Debug|Any CPU.ActiveCfg = Debug|Any CPU
		{2B477323-1A50-429F-A31F-25DEC476C40F}.Debug|Any CPU.Build.0 = Debug|Any CPU
		{2B477323-1A50-429F-A31F-25DEC476C40F}.Release|Any CPU.ActiveCfg = Release|Any CPU
		{2B477323-1A50-429F-A31F-25DEC476C40F}.Release|Any CPU.Build.0 = Release|Any CPU
		{EF93347B-B125-4A70-A9EC-7A7390095E23}.Debug|Any CPU.ActiveCfg = Debug|Any CPU
		{EF93347B-B125-4A70-A9EC-7A7390095E23}.Debug|Any CPU.Build.0 = Debug|Any CPU
		{EF93347B-B125-4A70-A9EC-7A7390095E23}.Release|Any CPU.ActiveCfg = Release|Any CPU
		{EF93347B-B125-4A70-A9EC-7A7390095E23}.Release|Any CPU.Build.0 = Release|Any CPU
		{DD2D5D49-CCFB-4C88-870B-A6526B93C86A}.Debug|Any CPU.ActiveCfg = Debug|Any CPU
		{DD2D5D49-CCFB-4C88-870B-A6526B93C86A}.Debug|Any CPU.Build.0 = Debug|Any CPU
		{DD2D5D49-CCFB-4C88-870B-A6526B93C86A}.Release|Any CPU.ActiveCfg = Release|Any CPU
		{DD2D5D49-CCFB-4C88-870B-A6526B93C86A}.Release|Any CPU.Build.0 = Release|Any CPU
		{13517D07-D353-4420-B99C-37BA11DA24E9}.Debug|Any CPU.ActiveCfg = Debug|Any CPU
		{13517D07-D353-4420-B99C-37BA11DA24E9}.Debug|Any CPU.Build.0 = Debug|Any CPU
		{13517D07-D353-4420-B99C-37BA11DA24E9}.Release|Any CPU.ActiveCfg = Release|Any CPU
		{13517D07-D353-4420-B99C-37BA11DA24E9}.Release|Any CPU.Build.0 = Release|Any CPU
		{7D23FF80-90F1-4717-B562-82E66EE6E0B7}.Debug|Any CPU.ActiveCfg = Debug|Any CPU
		{7D23FF80-90F1-4717-B562-82E66EE6E0B7}.Debug|Any CPU.Build.0 = Debug|Any CPU
		{7D23FF80-90F1-4717-B562-82E66EE6E0B7}.Release|Any CPU.ActiveCfg = Release|Any CPU
		{7D23FF80-90F1-4717-B562-82E66EE6E0B7}.Release|Any CPU.Build.0 = Release|Any CPU
	EndGlobalSection
	GlobalSection(SolutionProperties) = preSolution
		HideSolutionNode = FALSE
	EndGlobalSection
EndGlobal
